
Microsoft Visual Studio Solution File, Format Version 12.00
# Visual Studio Version 16
VisualStudioVersion = 16.0.30309.148
MinimumVisualStudioVersion = 10.0.40219.1
Project("{FAE04EC0-301F-11D3-BF4B-00C04F79EFBC}") = "ContosoUniversity", "ContosoUniversity.csproj", "{CC935895-653F-4A07-A6AC-DCED95FB277E}"
EndProject
Global
	GlobalSection(SolutionConfigurationPlatforms) = preSolution
		Debug|Any CPU = Debug|Any CPU
		Release|Any CPU = Release|Any CPU
	EndGlobalSection
	GlobalSection(ProjectConfigurationPlatforms) = postSolution
		{CC935895-653F-4A07-A6AC-DCED95FB277E}.Debug|Any CPU.ActiveCfg = Debug|Any CPU
		{CC935895-653F-4A07-A6AC-DCED95FB277E}.Debug|Any CPU.Build.0 = Debug|Any CPU
		{CC935895-653F-4A07-A6AC-DCED95FB277E}.Release|Any CPU.ActiveCfg = Release|Any CPU
		{CC935895-653F-4A07-A6AC-DCED95FB277E}.Release|Any CPU.Build.0 = Release|Any CPU
	EndGlobalSection
	GlobalSection(SolutionProperties) = preSolution
		HideSolutionNode = FALSE
	EndGlobalSection
	GlobalSection(ExtensibilityGlobals) = postSolution
		SolutionGuid = {753582C1-494C-4E4F-B7F3-2DFF86A4E473}
	EndGlobalSection
EndGlobal
